
Microsoft Visual Studio Solution File, Format Version 12.00
# Visual Studio 14
VisualStudioVersion = 14.0.22823.1
MinimumVisualStudioVersion = 10.0.40219.1
Project("{F2A71F9B-5D33-465A-A702-920D77279786}") = "Fs", "Fs\Fs.fsproj", "{06391593-C232-47C3-90A2-D73644F3AF9F}"
EndProject
Project("{F2A71F9B-5D33-465A-A702-920D77279786}") = "FsChart", "FsChart\FsChart.fsproj", "{4EEEC08C-C747-479F-9A35-097E3014AA79}"
EndProject
Project("{F2A71F9B-5D33-465A-A702-920D77279786}") = "EulerProblems", "EulerProblems\EulerProblems.fsproj", "{BC01CFC3-3696-4187-B163-A52BE4202880}"
EndProject
Global
	GlobalSection(SolutionConfigurationPlatforms) = preSolution
		Debug|Any CPU = Debug|Any CPU
		Release|Any CPU = Release|Any CPU
	EndGlobalSection
	GlobalSection(ProjectConfigurationPlatforms) = postSolution
		{06391593-C232-47C3-90A2-D73644F3AF9F}.Debug|Any CPU.ActiveCfg = Debug|Any CPU
		{06391593-C232-47C3-90A2-D73644F3AF9F}.Debug|Any CPU.Build.0 = Debug|Any CPU
		{06391593-C232-47C3-90A2-D73644F3AF9F}.Release|Any CPU.ActiveCfg = Release|Any CPU
		{06391593-C232-47C3-90A2-D73644F3AF9F}.Release|Any CPU.Build.0 = Release|Any CPU
		{4EEEC08C-C747-479F-9A35-097E3014AA79}.Debug|Any CPU.ActiveCfg = Debug|Any CPU
		{4EEEC08C-C747-479F-9A35-097E3014AA79}.Debug|Any CPU.Build.0 = Debug|Any CPU
		{4EEEC08C-C747-479F-9A35-097E3014AA79}.Release|Any CPU.ActiveCfg = Release|Any CPU
		{4EEEC08C-C747-479F-9A35-097E3014AA79}.Release|Any CPU.Build.0 = Release|Any CPU
		{BC01CFC3-3696-4187-B163-A52BE4202880}.Debug|Any CPU.ActiveCfg = Debug|Any CPU
		{BC01CFC3-3696-4187-B163-A52BE4202880}.Debug|Any CPU.Build.0 = Debug|Any CPU
		{BC01CFC3-3696-4187-B163-A52BE4202880}.Release|Any CPU.ActiveCfg = Release|Any CPU
		{BC01CFC3-3696-4187-B163-A52BE4202880}.Release|Any CPU.Build.0 = Release|Any CPU
	EndGlobalSection
	GlobalSection(SolutionProperties) = preSolution
		HideSolutionNode = FALSE
	EndGlobalSection
EndGlobal
